github.com/carlmjohnson/be v0.25.2 h1:EPTT7qCF5xJjcgrV5yX/muP5HTqSJR2VOjO6O4l9cYE=
github.com/carlmjohnson/be v0.25.2/go.mod h1:2P+bH/INocW7e411OYCCIwT3nnJneZyveVav0WBBM1U=
github.com/google/go-cmp v0.7.0 h1:wk8382ETsv4JYUZwIsn6YpYiWiBsYLSJiTsyBybVuN8=
github.com/google/go-cmp v0.7.0/go.mod h1:pXiqmnSA92OHEEa9HXL2W4E7lf9JzCmGVUdgjX3N/iU=
github.com/kylelemons/godebug v1.1.0 h1:RPNrshWIDI6G2gRW9EHilWtl7Z6Sb1BR0xunSBf0SNc=
github.com/kylelemons/godebug v1.1.0/go.mod h1:9/0rRGxNHcop5bhtWyNeEfOS8JIWk580+fNqagV/RAw=
github.com/openconfig/gnmi v0.14.1 h1:qKMuFvhIRR2/xxCOsStPQ25aKpbMDdWr3kI+nP9bhMs=
github.com/openconfig/gnmi v0.14.1/go.mod h1:whr6zVq9PCU8mV1D0K9v7Ajd3+swoN6Yam9n8OH3eT0=
github.com/openconfig/goyang v1.6.3 h1:9nWXBwd6b4+nZr8ni7O4zUXVhrVMXCLFz8os5YWFuo4=
github.com/openconfig/goyang v1.6.3/go.mod h1:5WolITjek1NF8yrNERyVZ7jqjOClJTpO8p/+OwmETM4=
golang.org/x/crypto v0.57.0 h1:3ZVCjf8Ggz7zneR/EHRVx68Ctf+2pmIMP2UFhh9cC6M=
golang.org/x/crypto v0.57.0/go.mod h1:Fdz0i5U6CoizGwLda9DttjSk6qlZo25zYNtR+ycvuZA=
golang.org/x/sys v0.48.0 h1:bbX/i/6MgT9BVLM9RT1thmxL04yeTAhbEz4SyadbXoo=
golang.org/x/sys v0.48.0/go.mod h1:hNLxWAXmnKAxqDtdwIYC4bM9oQPEecfsnNMuSxOs3og=
golang.org/x/term v0.46.0 h1:3+OXuTbaKDgwk8jTi3aSLHRlmWqHEUDUtxnbFigO4YE=
golang.org/x/term v0.46.0/go.mod h1:+K02xbkittuwc0Am4abfA3Fc+XRGXkvBXNO88NCXPoc=
gopkg.in/check.v1 v0.0.0-20161208181325-20d25e280405/go.mod h1:Co6ibVJAznAaIkqp8huTwlJQCZ016jof/cbN4VW5Yz0=
gopkg.in/yaml.v3 v3.0.1 h1:fxVm/GzAzEWqLHuvctI91KS9hhNmmWOoWu0XTYJS7CA=
gopkg.in/yaml.v3 v3.0.1/go.mod h1:K4uyk7z7BCEPqu6E+C64Yfv1cQ7kz7rIZviUmN+EgEM=
nemith.io/netconf v0.0.4 h1:v1i05GAypUTYRrA1gwt6bZCWhDeDkB7sL7BO8JwkMWY=
nemith.io/netconf v0.0.4/go.mod h1:VisEiVJJ+W4NgTZ4QPKJb70RttJN2Ky6vvxzs8X5Dpg=
